
Microsoft Visual Studio Solution File, Format Version 12.00
# Visual Studio Version 16
VisualStudioVersion = 16.0.28803.156
MinimumVisualStudioVersion = 10.0.40219.1
Project("{FAE04EC0-301F-11D3-BF4B-00C04F79EFBC}") = "ClientesWS", "WebApplication1\ClientesWS.csproj", "{CE452818-0D6A-4179-B277-4A7CB6C483ED}"
	ProjectSection(ProjectDependencies) = postProject
		{5F86D07A-4B87-43D1-B2BD-F5986F998361} = {5F86D07A-4B87-43D1-B2BD-F5986F998361}
	EndProjectSection
EndProject
Project("{FAE04EC0-301F-11D3-BF4B-00C04F79EFBC}") = "MiWS", "MiWS\MiWS.csproj", "{5F86D07A-4B87-43D1-B2BD-F5986F998361}"
EndProject
Global
	GlobalSection(SolutionConfigurationPlatforms) = preSolution
		Debug|Any CPU = Debug|Any CPU
		Release|Any CPU = Release|Any CPU
	EndGlobalSection
	GlobalSection(ProjectConfigurationPlatforms) = postSolution
		{CE452818-0D6A-4179-B277-4A7CB6C483ED}.Debug|Any CPU.ActiveCfg = Debug|Any CPU
		{CE452818-0D6A-4179-B277-4A7CB6C483ED}.Debug|Any CPU.Build.0 = Debug|Any CPU
		{CE452818-0D6A-4179-B277-4A7CB6C483ED}.Release|Any CPU.ActiveCfg = Release|Any CPU
		{CE452818-0D6A-4179-B277-4A7CB6C483ED}.Release|Any CPU.Build.0 = Release|Any CPU
		{5F86D07A-4B87-43D1-B2BD-F5986F998361}.Debug|Any CPU.ActiveCfg = Debug|Any CPU
		{5F86D07A-4B87-43D1-B2BD-F5986F998361}.Debug|Any CPU.Build.0 = Debug|Any CPU
		{5F86D07A-4B87-43D1-B2BD-F5986F998361}.Release|Any CPU.ActiveCfg = Release|Any CPU
		{5F86D07A-4B87-43D1-B2BD-F5986F998361}.Release|Any CPU.Build.0 = Release|Any CPU
	EndGlobalSection
	GlobalSection(SolutionProperties) = preSolution
		HideSolutionNode = FALSE
	EndGlobalSection
	GlobalSection(ExtensibilityGlobals) = postSolution
		SolutionGuid = {E7CA4B09-1B6C-458D-A74D-28B1148CAF82}
	EndGlobalSection
EndGlobal
